// !$*UTF8*$!
{
	archiveVersion = 1;
	classes = {
	};
	objectVersion = 51;
	objects = {

/* Begin PBXBuildFile section */
		312CDF9B25799F9B003C1CD0 /* ShoeDetailViewController.swift in Sources */ = {isa = PBXBuildFile; fileRef = 312CDF9A25799F9B003C1CD0 /* ShoeDetailViewController.swift */; };
		312CDFA02579A27F003C1CD0 /* ShoeUser.swift in Sources */ = {isa = PBXBuildFile; fileRef = 312CDF9F2579A27F003C1CD0 /* ShoeUser.swift */; };
		313C79E12577EC0F0065A399 /* ScannerViewController.swift in Sources */ = {isa = PBXBuildFile; fileRef = 313C79E02577EC0F0065A399 /* ScannerViewController.swift */; };
		313C7A062577F9C50065A399 /* SearchViewController.swift in Sources */ = {isa = PBXBuildFile; fileRef = 313C7A052577F9C50065A399 /* SearchViewController.swift */; };
		3140CD5C25771F9C0094B921 /* Shoe.swift in Sources */ = {isa = PBXBuildFile; fileRef = 3140CD5B25771F9C0094B921 /* Shoe.swift */; };
		3140CD64257720ED0094B921 /* Shoes.swift in Sources */ = {isa = PBXBuildFile; fileRef = 3140CD63257720ED0094B921 /* Shoes.swift */; };
		3140CD89257722DF0094B921 /* UPC.swift in Sources */ = {isa = PBXBuildFile; fileRef = 3140CD88257722DF0094B921 /* UPC.swift */; };
		3140CDAE2577233E0094B921 /* UPCItem.swift in Sources */ = {isa = PBXBuildFile; fileRef = 3140CDAD2577233E0094B921 /* UPCItem.swift */; };
		3140CDB3257724470094B921 /* ShoeLibraryViewController.swift in Sources */ = {isa = PBXBuildFile; fileRef = 3140CDB2257724470094B921 /* ShoeLibraryViewController.swift */; };
		31A2ECB82576E9F500622B9F /* AppDelegate.swift in Sources */ = {isa = PBXBuildFile; fileRef = 31A2ECB72576E9F500622B9F /* AppDelegate.swift */; };
		31A2ECBA2576E9F500622B9F /* SceneDelegate.swift in Sources */ = {isa = PBXBuildFile; fileRef = 31A2ECB92576E9F500622B9F /* SceneDelegate.swift */; };
		31A2ECBC2576E9F500622B9F /* LoginViewController.swift in Sources */ = {isa = PBXBuildFile; fileRef = 31A2ECBB2576E9F500622B9F /* LoginViewController.swift */; };
		31A2ECBF2576E9F500622B9F /* Main.storyboard in Resources */ = {isa = PBXBuildFile; fileRef = 31A2ECBD2576E9F500622B9F /* Main.storyboard */; };
		31A2ECC12576E9F700622B9F /* Assets.xcassets in Resources */ = {isa = PBXBuildFile; fileRef = 31A2ECC02576E9F700622B9F /* Assets.xcassets */; };
		31A2ECC42576E9F700622B9F /* LaunchScreen.storyboard in Resources */ = {isa = PBXBuildFile; fileRef = 31A2ECC22576E9F700622B9F /* LaunchScreen.storyboard */; };
		31A2ECCF2576E9F800622B9F /* HEATcheckTests.swift in Sources */ = {isa = PBXBuildFile; fileRef = 31A2ECCE2576E9F800622B9F /* HEATcheckTests.swift */; };
		31A2ECDA2576E9F800622B9F /* HEATcheckUITests.swift in Sources */ = {isa = PBXBuildFile; fileRef = 31A2ECD92576E9F800622B9F /* HEATcheckUITests.swift */; };
		31A2ED0E2576F02200622B9F /* GoogleService-Info.plist in Resources */ = {isa = PBXBuildFile; fileRef = 31A2ED0D2576F02200622B9F /* GoogleService-Info.plist */; };
		77CE0F083C5FB753A9ECE203 /* Pods_HEATcheck.framework in Frameworks */ = {isa = PBXBuildFile; fileRef = B157B8BAB59DC54C7241B50A /* Pods_HEATcheck.framework */; };
/* End PBXBuildFile section */

/* Begin PBXContainerItemProxy section */
		31A2ECCB2576E9F800622B9F /* PBXContainerItemProxy */ = {
			isa = PBXContainerItemProxy;
			containerPortal = 31A2ECAC2576E9F500622B9F /* Project object */;
			proxyType = 1;
			remoteGlobalIDString = 31A2ECB32576E9F500622B9F;
			remoteInfo = HEATcheck;
		};
		31A2ECD62576E9F800622B9F /* PBXContainerItemProxy */ = {
			isa = PBXContainerItemProxy;
			containerPortal = 31A2ECAC2576E9F500622B9F /* Project object */;
			proxyType = 1;
			remoteGlobalIDString = 31A2ECB32576E9F500622B9F;
			remoteInfo = HEATcheck;
		};
/* End PBXContainerItemProxy section */

/* Begin PBXFileReference section */
		14101F02FE358194649E8CC0 /* Pods-HEATcheck.debug.xcconfig */ = {isa = PBXFileReference; includeInIndex = 1; lastKnownFileType = text.xcconfig; name = "Pods-HEATcheck.debug.xcconfig"; path = "Target Support Files/Pods-HEATcheck/Pods-HEATcheck.debug.xcconfig"; sourceTree = "<group>"; };
		312CDF9A25799F9B003C1CD0 /* ShoeDetailViewController.swift */ = {isa = PBXFileReference; lastKnownFileType = sourcecode.swift; path = ShoeDetailViewController.swift; sourceTree = "<group>"; };
		312CDF9F2579A27F003C1CD0 /* ShoeUser.swift */ = {isa = PBXFileReference; lastKnownFileType = sourcecode.swift; path = ShoeUser.swift; sourceTree = "<group>"; };
		313C79E02577EC0F0065A399 /* ScannerViewController.swift */ = {isa = PBXFileReference; lastKnownFileType = sourcecode.swift; path = ScannerViewController.swift; sourceTree = "<group>"; };
		313C7A052577F9C50065A399 /* SearchViewController.swift */ = {isa = PBXFileReference; lastKnownFileType = sourcecode.swift; path = SearchViewController.swift; sourceTree = "<group>"; };
		3140CD5B25771F9C0094B921 /* Shoe.swift */ = {isa = PBXFileReference; lastKnownFileType = sourcecode.swift; path = Shoe.swift; sourceTree = "<group>"; };
		3140CD63257720ED0094B921 /* Shoes.swift */ = {isa = PBXFileReference; lastKnownFileType = sourcecode.swift; path = Shoes.swift; sourceTree = "<group>"; };
		3140CD88257722DF0094B921 /* UPC.swift */ = {isa = PBXFileReference; lastKnownFileType = sourcecode.swift; path = UPC.swift; sourceTree = "<group>"; };
		3140CDAD2577233E0094B921 /* UPCItem.swift */ = {isa = PBXFileReference; lastKnownFileType = sourcecode.swift; path = UPCItem.swift; sourceTree = "<group>"; };
		3140CDB2257724470094B921 /* ShoeLibraryViewController.swift */ = {isa = PBXFileReference; lastKnownFileType = sourcecode.swift; path = ShoeLibraryViewController.swift; sourceTree = "<group>"; };
		31A2ECB42576E9F500622B9F /* HEATcheck.app */ = {isa = PBXFileReference; explicitFileType = wrapper.application; includeInIndex = 0; path = HEATcheck.app; sourceTree = BUILT_PRODUCTS_DIR; };
		31A2ECB72576E9F500622B9F /* AppDelegate.swift */ = {isa = PBXFileReference; lastKnownFileType = sourcecode.swift; path = AppDelegate.swift; sourceTree = "<group>"; };
		31A2ECB92576E9F500622B9F /* SceneDelegate.swift */ = {isa = PBXFileReference; lastKnownFileType = sourcecode.swift; path = SceneDelegate.swift; sourceTree = "<group>"; };
		31A2ECBB2576E9F500622B9F /* LoginViewController.swift */ = {isa = PBXFileReference; lastKnownFileType = sourcecode.swift; path = LoginViewController.swift; sourceTree = "<group>"; };
		31A2ECBE2576E9F500622B9F /* Base */ = {isa = PBXFileReference; lastKnownFileType = file.storyboard; name = Base; path = Base.lproj/Main.storyboard; sourceTree = "<group>"; };
		31A2ECC02576E9F700622B9F /* Assets.xcassets */ = {isa = PBXFileReference; lastKnownFileType = folder.assetcatalog; path = Assets.xcassets; sourceTree = "<group>"; };
		31A2ECC32576E9F700622B9F /* Base */ = {isa = PBXFileReference; lastKnownFileType = file.storyboard; name = Base; path = Base.lproj/LaunchScreen.storyboard; sourceTree = "<group>"; };
		31A2ECC52576E9F700622B9F /* Info.plist */ = {isa = PBXFileReference; lastKnownFileType = text.plist.xml; path = Info.plist; sourceTree = "<group>"; };
		31A2ECCA2576E9F800622B9F /* HEATcheckTests.xctest */ = {isa = PBXFileReference; explicitFileType = wrapper.cfbundle; includeInIndex = 0; path = HEATcheckTests.xctest; sourceTree = BUILT_PRODUCTS_DIR; };
		31A2ECCE2576E9F800622B9F /* HEATcheckTests.swift */ = {isa = PBXFileReference; lastKnownFileType = sourcecode.swift; path = HEATcheckTests.swift; sourceTree = "<group>"; };
		31A2ECD02576E9F800622B9F /* Info.plist */ = {isa = PBXFileReference; lastKnownFileType = text.plist.xml; path = Info.plist; sourceTree = "<group>"; };
		31A2ECD52576E9F800622B9F /* HEATcheckUITests.xctest */ = {isa = PBXFileReference; explicitFileType = wrapper.cfbundle; includeInIndex = 0; path = HEATcheckUITests.xctest; sourceTree = BUILT_PRODUCTS_DIR; };
		31A2ECD92576E9F800622B9F /* HEATcheckUITests.swift */ = {isa = PBXFileReference; lastKnownFileType = sourcecode.swift; path = HEATcheckUITests.swift; sourceTree = "<group>"; };
		31A2ECDB2576E9F800622B9F /* Info.plist */ = {isa = PBXFileReference; lastKnownFileType = text.plist.xml; path = Info.plist; sourceTree = "<group>"; };
		31A2ED0D2576F02200622B9F /* GoogleService-Info.plist */ = {isa = PBXFileReference; lastKnownFileType = text.plist; path = "GoogleService-Info.plist"; sourceTree = SOURCE_ROOT; };
		A0D93541CC629A110847C50B /* Pods-HEATcheck.release.xcconfig */ = {isa = PBXFileReference; includeInIndex = 1; lastKnownFileType = text.xcconfig; name = "Pods-HEATcheck.release.xcconfig"; path = "Target Support Files/Pods-HEATcheck/Pods-HEATcheck.release.xcconfig"; sourceTree = "<group>"; };
		B157B8BAB59DC54C7241B50A /* Pods_HEATcheck.framework */ = {isa = PBXFileReference; explicitFileType = wrapper.framework; includeInIndex = 0; path = Pods_HEATcheck.framework; sourceTree = BUILT_PRODUCTS_DIR; };
/* End PBXFileReference section */

/* Begin PBXFrameworksBuildPhase section */
		31A2ECB12576E9F500622B9F /* Frameworks */ = {
			isa = PBXFrameworksBuildPhase;
			buildActionMask = 2147483647;
			files = (
				77CE0F083C5FB753A9ECE203 /* Pods_HEATcheck.framework in Frameworks */,
			);
			runOnlyForDeploymentPostprocessing = 0;
		};
		31A2ECC72576E9F800622B9F /* Frameworks */ = {
			isa = PBXFrameworksBuildPhase;
			buildActionMask = 2147483647;
			files = (
			);
			runOnlyForDeploymentPostprocessing = 0;
		};
		31A2ECD22576E9F800622B9F /* Frameworks */ = {
			isa = PBXFrameworksBuildPhase;
			buildActionMask = 2147483647;
			files = (
			);
			runOnlyForDeploymentPostprocessing = 0;
		};
/* End PBXFrameworksBuildPhase section */

/* Begin PBXGroup section */
		23431330E2129B3E875B60FE /* Pods */ = {
			isa = PBXGroup;
			children = (
				14101F02FE358194649E8CC0 /* Pods-HEATcheck.debug.xcconfig */,
				A0D93541CC629A110847C50B /* Pods-HEATcheck.release.xcconfig */,
			);
			path = Pods;
			sourceTree = "<group>";
		};
		31A2ECAB2576E9F500622B9F = {
			isa = PBXGroup;
			children = (
				31A2ECB62576E9F500622B9F /* HEATcheck */,
				31A2ECCD2576E9F800622B9F /* HEATcheckTests */,
				31A2ECD82576E9F800622B9F /* HEATcheckUITests */,
				31A2ECB52576E9F500622B9F /* Products */,
				23431330E2129B3E875B60FE /* Pods */,
				B518CE7677BD2780C5CFE3A0 /* Frameworks */,
			);
			sourceTree = "<group>";
		};
		31A2ECB52576E9F500622B9F /* Products */ = {
			isa = PBXGroup;
			children = (
				31A2ECB42576E9F500622B9F /* HEATcheck.app */,
				31A2ECCA2576E9F800622B9F /* HEATcheckTests.xctest */,
				31A2ECD52576E9F800622B9F /* HEATcheckUITests.xctest */,
			);
			name = Products;
			sourceTree = "<group>";
		};
		31A2ECB62576E9F500622B9F /* HEATcheck */ = {
			isa = PBXGroup;
			children = (
				31A2ECB72576E9F500622B9F /* AppDelegate.swift */,
				31A2ECB92576E9F500622B9F /* SceneDelegate.swift */,
				312CDF9F2579A27F003C1CD0 /* ShoeUser.swift */,
				3140CDAD2577233E0094B921 /* UPCItem.swift */,
				3140CD88257722DF0094B921 /* UPC.swift */,
				3140CD5B25771F9C0094B921 /* Shoe.swift */,
				3140CD63257720ED0094B921 /* Shoes.swift */,
				31A2ECBB2576E9F500622B9F /* LoginViewController.swift */,
				3140CDB2257724470094B921 /* ShoeLibraryViewController.swift */,
				313C79E02577EC0F0065A399 /* ScannerViewController.swift */,
				313C7A052577F9C50065A399 /* SearchViewController.swift */,
				312CDF9A25799F9B003C1CD0 /* ShoeDetailViewController.swift */,
				31A2ECBD2576E9F500622B9F /* Main.storyboard */,
				31A2ECC02576E9F700622B9F /* Assets.xcassets */,
				31A2ECC22576E9F700622B9F /* LaunchScreen.storyboard */,
				31A2ECC52576E9F700622B9F /* Info.plist */,
				31A2ED0D2576F02200622B9F /* GoogleService-Info.plist */,
			);
			path = HEATcheck;
			sourceTree = "<group>";
		};
		31A2ECCD2576E9F800622B9F /* HEATcheckTests */ = {
			isa = PBXGroup;
			children = (
				31A2ECCE2576E9F800622B9F /* HEATcheckTests.swift */,
				31A2ECD02576E9F800622B9F /* Info.plist */,
			);
			path = HEATcheckTests;
			sourceTree = "<group>";
		};
		31A2ECD82576E9F800622B9F /* HEATcheckUITests */ = {
			isa = PBXGroup;
			children = (
				31A2ECD92576E9F800622B9F /* HEATcheckUITests.swift */,
				31A2ECDB2576E9F800622B9F /* Info.plist */,
			);
			path = HEATcheckUITests;
			sourceTree = "<group>";
		};
		B518CE7677BD2780C5CFE3A0 /* Frameworks */ = {
			isa = PBXGroup;
			children = (
				B157B8BAB59DC54C7241B50A /* Pods_HEATcheck.framework */,
			);
			name = Frameworks;
			sourceTree = "<group>";
		};
/* End PBXGroup section */

/* Begin PBXNativeTarget section */
		31A2ECB32576E9F500622B9F /* HEATcheck */ = {
			isa = PBXNativeTarget;
			buildConfigurationList = 31A2ECDE2576E9F800622B9F /* Build configuration list for PBXNativeTarget "HEATcheck" */;
			buildPhases = (
				F7DCAEE0B31B92ADA98000AA /* [CP] Check Pods Manifest.lock */,
				31A2ECB02576E9F500622B9F /* Sources */,
				31A2ECB12576E9F500622B9F /* Frameworks */,
				31A2ECB22576E9F500622B9F /* Resources */,
				36E235EF1EC68BAACEA9889E /* [CP] Embed Pods Frameworks */,
				796A444A4114A1DC7E99167D /* [CP] Copy Pods Resources */,
			);
			buildRules = (
			);
			dependencies = (
			);
			name = HEATcheck;
			productName = HEATcheck;
			productReference = 31A2ECB42576E9F500622B9F /* HEATcheck.app */;
			productType = "com.apple.product-type.application";
		};
		31A2ECC92576E9F800622B9F /* HEATcheckTests */ = {
			isa = PBXNativeTarget;
			buildConfigurationList = 31A2ECE12576E9F800622B9F /* Build configuration list for PBXNativeTarget "HEATcheckTests" */;
			buildPhases = (
				31A2ECC62576E9F800622B9F /* Sources */,
				31A2ECC72576E9F800622B9F /* Frameworks */,
				31A2ECC82576E9F800622B9F /* Resources */,
			);
			buildRules = (
			);
			dependencies = (
				31A2ECCC2576E9F800622B9F /* PBXTargetDependency */,
			);
			name = HEATcheckTests;
			productName = HEATcheckTests;
			productReference = 31A2ECCA2576E9F800622B9F /* HEATcheckTests.xctest */;
			productType = "com.apple.product-type.bundle.unit-test";
		};
		31A2ECD42576E9F800622B9F /* HEATcheckUITests */ = {
			isa = PBXNativeTarget;
			buildConfigurationList = 31A2ECE42576E9F800622B9F /* Build configuration list for PBXNativeTarget "HEATcheckUITests" */;
			buildPhases = (
				31A2ECD12576E9F800622B9F /* Sources */,
				31A2ECD22576E9F800622B9F /* Frameworks */,
				31A2ECD32576E9F800622B9F /* Resources */,
			);
			buildRules = (
			);
			dependencies = (
				31A2ECD72576E9F800622B9F /* PBXTargetDependency */,
			);
			name = HEATcheckUITests;
			productName = HEATcheckUITests;
			productReference = 31A2ECD52576E9F800622B9F /* HEATcheckUITests.xctest */;
			productType = "com.apple.product-type.bundle.ui-testing";
		};
/* End PBXNativeTarget section */

/* Begin PBXProject section */
		31A2ECAC2576E9F500622B9F /* Project object */ = {
			isa = PBXProject;
			attributes = {
				LastSwiftUpdateCheck = 1220;
				LastUpgradeCheck = 1220;
				TargetAttributes = {
					31A2ECB32576E9F500622B9F = {
						CreatedOnToolsVersion = 12.2;
					};
					31A2ECC92576E9F800622B9F = {
						CreatedOnToolsVersion = 12.2;
						TestTargetID = 31A2ECB32576E9F500622B9F;
					};
					31A2ECD42576E9F800622B9F = {
						CreatedOnToolsVersion = 12.2;
						TestTargetID = 31A2ECB32576E9F500622B9F;
					};
				};
			};
			buildConfigurationList = 31A2ECAF2576E9F500622B9F /* Build configuration list for PBXProject "HEATcheck" */;
			compatibilityVersion = "Xcode 9.3";
			developmentRegion = en;
			hasScannedForEncodings = 0;
			knownRegions = (
				en,
				Base,
			);
			mainGroup = 31A2ECAB2576E9F500622B9F;
			productRefGroup = 31A2ECB52576E9F500622B9F /* Products */;
			projectDirPath = "";
			projectRoot = "";
			targets = (
				31A2ECB32576E9F500622B9F /* HEATcheck */,
				31A2ECC92576E9F800622B9F /* HEATcheckTests */,
				31A2ECD42576E9F800622B9F /* HEATcheckUITests */,
			);
		};
/* End PBXProject section */

/* Begin PBXResourcesBuildPhase section */
		31A2ECB22576E9F500622B9F /* Resources */ = {
			isa = PBXResourcesBuildPhase;
			buildActionMask = 2147483647;
			files = (
				31A2ECC42576E9F700622B9F /* LaunchScreen.storyboard in Resources */,
				31A2ED0E2576F02200622B9F /* GoogleService-Info.plist in Resources */,
				31A2ECC12576E9F700622B9F /* Assets.xcassets in Resources */,
				31A2ECBF2576E9F500622B9F /* Main.storyboard in Resources */,
			);
			runOnlyForDeploymentPostprocessing = 0;
		};
		31A2ECC82576E9F800622B9F /* Resources */ = {
			isa = PBXResourcesBuildPhase;
			buildActionMask = 2147483647;
			files = (
			);
			runOnlyForDeploymentPostprocessing = 0;
		};
		31A2ECD32576E9F800622B9F /* Resources */ = {
			isa = PBXResourcesBuildPhase;
			buildActionMask = 2147483647;
			files = (
			);
			runOnlyForDeploymentPostprocessing = 0;
		};
/* End PBXResourcesBuildPhase section */

/* Begin PBXShellScriptBuildPhase section */
		36E235EF1EC68BAACEA9889E /* [CP] Embed Pods Frameworks */ = {
			isa = PBXShellScriptBuildPhase;
			buildActionMask = 2147483647;
			files = (
			);
			inputFileListPaths = (
				"${PODS_ROOT}/Target Support Files/Pods-HEATcheck/Pods-HEATcheck-frameworks-${CONFIGURATION}-input-files.xcfilelist",
			);
			name = "[CP] Embed Pods Frameworks";
			outputFileListPaths = (
				"${PODS_ROOT}/Target Support Files/Pods-HEATcheck/Pods-HEATcheck-frameworks-${CONFIGURATION}-output-files.xcfilelist",
			);
			runOnlyForDeploymentPostprocessing = 0;
			shellPath = /bin/sh;
			shellScript = "\"${PODS_ROOT}/Target Support Files/Pods-HEATcheck/Pods-HEATcheck-frameworks.sh\"\n";
			showEnvVarsInLog = 0;
		};
		796A444A4114A1DC7E99167D /* [CP] Copy Pods Resources */ = {
			isa = PBXShellScriptBuildPhase;
			buildActionMask = 2147483647;
			files = (
			);
			inputFileListPaths = (
				"${PODS_ROOT}/Target Support Files/Pods-HEATcheck/Pods-HEATcheck-resources-${CONFIGURATION}-input-files.xcfilelist",
			);
			name = "[CP] Copy Pods Resources";
			outputFileListPaths = (
				"${PODS_ROOT}/Target Support Files/Pods-HEATcheck/Pods-HEATcheck-resources-${CONFIGURATION}-output-files.xcfilelist",
			);
			runOnlyForDeploymentPostprocessing = 0;
			shellPath = /bin/sh;
			shellScript = "\"${PODS_ROOT}/Target Support Files/Pods-HEATcheck/Pods-HEATcheck-resources.sh\"\n";
			showEnvVarsInLog = 0;
		};
		F7DCAEE0B31B92ADA98000AA /* [CP] Check Pods Manifest.lock */ = {
			isa = PBXShellScriptBuildPhase;
			buildActionMask = 2147483647;
			files = (
			);
			inputFileListPaths = (
			);
			inputPaths = (
				"${PODS_PODFILE_DIR_PATH}/Podfile.lock",
				"${PODS_ROOT}/Manifest.lock",
			);
			name = "[CP] Check Pods Manifest.lock";
			outputFileListPaths = (
			);
			outputPaths = (
				"$(DERIVED_FILE_DIR)/Pods-HEATcheck-checkManifestLockResult.txt",
			);
			runOnlyForDeploymentPostprocessing = 0;
			shellPath = /bin/sh;
			shellScript = "diff \"${PODS_PODFILE_DIR_PATH}/Podfile.lock\" \"${PODS_ROOT}/Manifest.lock\" > /dev/null\nif [ $? != 0 ] ; then\n    # print error to STDERR\n    echo \"error: The sandbox is not in sync with the Podfile.lock. Run 'pod install' or update your CocoaPods installation.\" >&2\n    exit 1\nfi\n# This output is used by Xcode 'outputs' to avoid re-running this script phase.\necho \"SUCCESS\" > \"${SCRIPT_OUTPUT_FILE_0}\"\n";
			showEnvVarsInLog = 0;
		};
/* End PBXShellScriptBuildPhase section */

/* Begin PBXSourcesBuildPhase section */
		31A2ECB02576E9F500622B9F /* Sources */ = {
			isa = PBXSourcesBuildPhase;
			buildActionMask = 2147483647;
			files = (
				313C7A062577F9C50065A399 /* SearchViewController.swift in Sources */,
				31A2ECBC2576E9F500622B9F /* LoginViewController.swift in Sources */,
				31A2ECB82576E9F500622B9F /* AppDelegate.swift in Sources */,
				3140CDAE2577233E0094B921 /* UPCItem.swift in Sources */,
				3140CD89257722DF0094B921 /* UPC.swift in Sources */,
				313C79E12577EC0F0065A399 /* ScannerViewController.swift in Sources */,
				3140CD64257720ED0094B921 /* Shoes.swift in Sources */,
				312CDF9B25799F9B003C1CD0 /* ShoeDetailViewController.swift in Sources */,
				3140CDB3257724470094B921 /* ShoeLibraryViewController.swift in Sources */,
				3140CD5C25771F9C0094B921 /* Shoe.swift in Sources */,
				31A2ECBA2576E9F500622B9F /* SceneDelegate.swift in Sources */,
				312CDFA02579A27F003C1CD0 /* ShoeUser.swift in Sources */,
			);
			runOnlyForDeploymentPostprocessing = 0;
		};
		31A2ECC62576E9F800622B9F /* Sources */ = {
			isa = PBXSourcesBuildPhase;
			buildActionMask = 2147483647;
			files = (
				31A2ECCF2576E9F800622B9F /* HEATcheckTests.swift in Sources */,
			);
			runOnlyForDeploymentPostprocessing = 0;
		};
		31A2ECD12576E9F800622B9F /* Sources */ = {
			isa = PBXSourcesBuildPhase;
			buildActionMask = 2147483647;
			files = (
				31A2ECDA2576E9F800622B9F /* HEATcheckUITests.swift in Sources */,
			);
			runOnlyForDeploymentPostprocessing = 0;
		};
/* End PBXSourcesBuildPhase section */

/* Begin PBXTargetDependency section */
		31A2ECCC2576E9F800622B9F /* PBXTargetDependency */ = {
			isa = PBXTargetDependency;
			target = 31A2ECB32576E9F500622B9F /* HEATcheck */;
			targetProxy = 31A2ECCB2576E9F800622B9F /* PBXContainerItemProxy */;
		};
		31A2ECD72576E9F800622B9F /* PBXTargetDependency */ = {
			isa = PBXTargetDependency;
			target = 31A2ECB32576E9F500622B9F /* HEATcheck */;
			targetProxy = 31A2ECD62576E9F800622B9F /* PBXContainerItemProxy */;
		};
/* End PBXTargetDependency section */

/* Begin PBXVariantGroup section */
		31A2ECBD2576E9F500622B9F /* Main.storyboard */ = {
			isa = PBXVariantGroup;
			children = (
				31A2ECBE2576E9F500622B9F /* Base */,
			);
			name = Main.storyboard;
			sourceTree = "<group>";
		};
		31A2ECC22576E9F700622B9F /* LaunchScreen.storyboard */ = {
			isa = PBXVariantGroup;
			children = (
				31A2ECC32576E9F700622B9F /* Base */,
			);
			name = LaunchScreen.storyboard;
			sourceTree = "<group>";
		};
/* End PBXVariantGroup section */

/* Begin XCBuildConfiguration section */
		31A2ECDC2576E9F800622B9F /* Debug */ = {
			isa = XCBuildConfiguration;
			buildSettings = {
				ALWAYS_SEARCH_USER_PATHS = NO;
				CLANG_ANALYZER_NONNULL = YES;
				CLANG_ANALYZER_NUMBER_OBJECT_CONVERSION = YES_AGGRESSIVE;
				CLANG_CXX_LANGUAGE_STANDARD = "gnu++14";
				CLANG_CXX_LIBRARY = "libc++";
				CLANG_ENABLE_MODULES = YES;
				CLANG_ENABLE_OBJC_ARC = YES;
				CLANG_ENABLE_OBJC_WEAK = YES;
				CLANG_WARN_BLOCK_CAPTURE_AUTORELEASING = YES;
				CLANG_WARN_BOOL_CONVERSION = YES;
				CLANG_WARN_COMMA = YES;
				CLANG_WARN_CONSTANT_CONVERSION = YES;
				CLANG_WARN_DEPRECATED_OBJC_IMPLEMENTATIONS = YES;
				CLANG_WARN_DIRECT_OBJC_ISA_USAGE = YES_ERROR;
				CLANG_WARN_DOCUMENTATION_COMMENTS = YES;
				CLANG_WARN_EMPTY_BODY = YES;
				CLANG_WARN_ENUM_CONVERSION = YES;
				CLANG_WARN_INFINITE_RECURSION = YES;
				CLANG_WARN_INT_CONVERSION = YES;
				CLANG_WARN_NON_LITERAL_NULL_CONVERSION = YES;
				CLANG_WARN_OBJC_IMPLICIT_RETAIN_SELF = YES;
				CLANG_WARN_OBJC_LITERAL_CONVERSION = YES;
				CLANG_WARN_OBJC_ROOT_CLASS = YES_ERROR;
				CLANG_WARN_QUOTED_INCLUDE_IN_FRAMEWORK_HEADER = YES;
				CLANG_WARN_RANGE_LOOP_ANALYSIS = YES;
				CLANG_WARN_STRICT_PROTOTYPES = YES;
				CLANG_WARN_SUSPICIOUS_MOVE = YES;
				CLANG_WARN_UNGUARDED_AVAILABILITY = YES_AGGRESSIVE;
				CLANG_WARN_UNREACHABLE_CODE = YES;
				CLANG_WARN__DUPLICATE_METHOD_MATCH = YES;
				COPY_PHASE_STRIP = NO;
				DEBUG_INFORMATION_FORMAT = dwarf;
				ENABLE_STRICT_OBJC_MSGSEND = YES;
				ENABLE_TESTABILITY = YES;
				GCC_C_LANGUAGE_STANDARD = gnu11;
				GCC_DYNAMIC_NO_PIC = NO;
				GCC_NO_COMMON_BLOCKS = YES;
				GCC_OPTIMIZATION_LEVEL = 0;
				GCC_PREPROCESSOR_DEFINITIONS = (
					"DEBUG=1",
					"$(inherited)",
				);
				GCC_WARN_64_TO_32_BIT_CONVERSION = YES;
				GCC_WARN_ABOUT_RETURN_TYPE = YES_ERROR;
				GCC_WARN_UNDECLARED_SELECTOR = YES;
				GCC_WARN_UNINITIALIZED_AUTOS = YES_AGGRESSIVE;
				GCC_WARN_UNUSED_FUNCTION = YES;
				GCC_WARN_UNUSED_VARIABLE = YES;
				IPHONEOS_DEPLOYMENT_TARGET = 14.2;
				MTL_ENABLE_DEBUG_INFO = INCLUDE_SOURCE;
				MTL_FAST_MATH = YES;
				ONLY_ACTIVE_ARCH = YES;
				SDKROOT = iphoneos;
				SWIFT_ACTIVE_COMPILATION_CONDITIONS = DEBUG;
				SWIFT_OPTIMIZATION_LEVEL = "-Onone";
			};
			name = Debug;
		};
		31A2ECDD2576E9F800622B9F /* Release */ = {
			isa = XCBuildConfiguration;
			buildSettings = {
				ALWAYS_SEARCH_USER_PATHS = NO;
				CLANG_ANALYZER_NONNULL = YES;
				CLANG_ANALYZER_NUMBER_OBJECT_CONVERSION = YES_AGGRESSIVE;
				CLANG_CXX_LANGUAGE_STANDARD = "gnu++14";
				CLANG_CXX_LIBRARY = "libc++";
				CLANG_ENABLE_MODULES = YES;
				CLANG_ENABLE_OBJC_ARC = YES;
				CLANG_ENABLE_OBJC_WEAK = YES;
				CLANG_WARN_BLOCK_CAPTURE_AUTORELEASING = YES;
				CLANG_WARN_BOOL_CONVERSION = YES;
				CLANG_WARN_COMMA = YES;
				CLANG_WARN_CONSTANT_CONVERSION = YES;
				CLANG_WARN_DEPRECATED_OBJC_IMPLEMENTATIONS = YES;
				CLANG_WARN_DIRECT_OBJC_ISA_USAGE = YES_ERROR;
				CLANG_WARN_DOCUMENTATION_COMMENTS = YES;
				CLANG_WARN_EMPTY_BODY = YES;
				CLANG_WARN_ENUM_CONVERSION = YES;
				CLANG_WARN_INFINITE_RECURSION = YES;
				CLANG_WARN_INT_CONVERSION = YES;
				CLANG_WARN_NON_LITERAL_NULL_CONVERSION = YES;
				CLANG_WARN_OBJC_IMPLICIT_RETAIN_SELF = YES;
				CLANG_WARN_OBJC_LITERAL_CONVERSION = YES;
				CLANG_WARN_OBJC_ROOT_CLASS = YES_ERROR;
				CLANG_WARN_QUOTED_INCLUDE_IN_FRAMEWORK_HEADER = YES;
				CLANG_WARN_RANGE_LOOP_ANALYSIS = YES;
				CLANG_WARN_STRICT_PROTOTYPES = YES;
				CLANG_WARN_SUSPICIOUS_MOVE = YES;
				CLANG_WARN_UNGUARDED_AVAILABILITY = YES_AGGRESSIVE;
				CLANG_WARN_UNREACHABLE_CODE = YES;
				CLANG_WARN__DUPLICATE_METHOD_MATCH = YES;
				COPY_PHASE_STRIP = NO;
				DEBUG_INFORMATION_FORMAT = "dwarf-with-dsym";
				ENABLE_NS_ASSERTIONS = NO;
				ENABLE_STRICT_OBJC_MSGSEND = YES;
				GCC_C_LANGUAGE_STANDARD = gnu11;
				GCC_NO_COMMON_BLOCKS = YES;
				GCC_WARN_64_TO_32_BIT_CONVERSION = YES;
				GCC_WARN_ABOUT_RETURN_TYPE = YES_ERROR;
				GCC_WARN_UNDECLARED_SELECTOR = YES;
				GCC_WARN_UNINITIALIZED_AUTOS = YES_AGGRESSIVE;
				GCC_WARN_UNUSED_FUNCTION = YES;
				GCC_WARN_UNUSED_VARIABLE = YES;
				IPHONEOS_DEPLOYMENT_TARGET = 14.2;
				MTL_ENABLE_DEBUG_INFO = NO;
				MTL_FAST_MATH = YES;
				SDKROOT = iphoneos;
				SWIFT_COMPILATION_MODE = wholemodule;
				SWIFT_OPTIMIZATION_LEVEL = "-O";
				VALIDATE_PRODUCT = YES;
			};
			name = Release;
		};
		31A2ECDF2576E9F800622B9F /* Debug */ = {
			isa = XCBuildConfiguration;
			baseConfigurationReference = 14101F02FE358194649E8CC0 /* Pods-HEATcheck.debug.xcconfig */;
			buildSettings = {
				ASSETCATALOG_COMPILER_APPICON_NAME = AppIcon;
				ASSETCATALOG_COMPILER_GLOBAL_ACCENT_COLOR_NAME = AccentColor;
				CODE_SIGN_STYLE = Automatic;
				DEVELOPMENT_TEAM = MY39RX8C69;
				INFOPLIST_FILE = HEATcheck/Info.plist;
				LD_RUNPATH_SEARCH_PATHS = (
					"$(inherited)",
					"@executable_path/Frameworks",
				);
				PRODUCT_BUNDLE_IDENTIFIER = com.bpicioane.HEATcheck;
				PRODUCT_NAME = "$(TARGET_NAME)";
				SWIFT_VERSION = 5.0;
				TARGETED_DEVICE_FAMILY = "1,2";
			};
			name = Debug;
		};
		31A2ECE02576E9F800622B9F /* Release */ = {
			isa = XCBuildConfiguration;
			baseConfigurationReference = A0D93541CC629A110847C50B /* Pods-HEATcheck.release.xcconfig */;
			buildSettings = {
				ASSETCATALOG_COMPILER_APPICON_NAME = AppIcon;
				ASSETCATALOG_COMPILER_GLOBAL_ACCENT_COLOR_NAME = AccentColor;
				CODE_SIGN_STYLE = Automatic;
				DEVELOPMENT_TEAM = MY39RX8C69;
				INFOPLIST_FILE = HEATcheck/Info.plist;
				LD_RUNPATH_SEARCH_PATHS = (
					"$(inherited)",
					"@executable_path/Frameworks",
				);
				PRODUCT_BUNDLE_IDENTIFIER = com.bpicioane.HEATcheck;
				PRODUCT_NAME = "$(TARGET_NAME)";
				SWIFT_VERSION = 5.0;
				TARGETED_DEVICE_FAMILY = "1,2";
			};
			name = Release;
		};
		31A2ECE22576E9F800622B9F /* Debug */ = {
			isa = XCBuildConfiguration;
			buildSettings = {
				ALWAYS_EMBED_SWIFT_STANDARD_LIBRARIES = YES;
				BUNDLE_LOADER = "$(TEST_HOST)";
				CODE_SIGN_STYLE = Automatic;
				DEVELOPMENT_TEAM = MY39RX8C69;
				INFOPLIST_FILE = HEATcheckTests/Info.plist;
				IPHONEOS_DEPLOYMENT_TARGET = 14.2;
				LD_RUNPATH_SEARCH_PATHS = (
					"$(inherited)",
					"@executable_path/Frameworks",
					"@loader_path/Frameworks",
				);
				PRODUCT_BUNDLE_IDENTIFIER = com.bpicioane.HEATcheckTests;
				PRODUCT_NAME = "$(TARGET_NAME)";
				SWIFT_VERSION = 5.0;
				TARGETED_DEVICE_FAMILY = "1,2";
				TEST_HOST = "$(BUILT_PRODUCTS_DIR)/HEATcheck.app/HEATcheck";
			};
			name = Debug;
		};
		31A2ECE32576E9F800622B9F /* Release */ = {
			isa = XCBuildConfiguration;
			buildSettings = {
				ALWAYS_EMBED_SWIFT_STANDARD_LIBRARIES = YES;
				BUNDLE_LOADER = "$(TEST_HOST)";
				CODE_SIGN_STYLE = Automatic;
				DEVELOPMENT_TEAM = MY39RX8C69;
				INFOPLIST_FILE = HEATcheckTests/Info.plist;
				IPHONEOS_DEPLOYMENT_TARGET = 14.2;
				LD_RUNPATH_SEARCH_PATHS = (
					"$(inherited)",
					"@executable_path/Frameworks",
					"@loader_path/Frameworks",
				);
				PRODUCT_BUNDLE_IDENTIFIER = com.bpicioane.HEATcheckTests;
				PRODUCT_NAME = "$(TARGET_NAME)";
				SWIFT_VERSION = 5.0;
				TARGETED_DEVICE_FAMILY = "1,2";
				TEST_HOST = "$(BUILT_PRODUCTS_DIR)/HEATcheck.app/HEATcheck";
			};
			name = Release;
		};
		31A2ECE52576E9F800622B9F /* Debug */ = {
			isa = XCBuildConfiguration;
			buildSettings = {
				ALWAYS_EMBED_SWIFT_STANDARD_LIBRARIES = YES;
				CODE_SIGN_STYLE = Automatic;
				DEVELOPMENT_TEAM = MY39RX8C69;
				INFOPLIST_FILE = HEATcheckUITests/Info.plist;
				LD_RUNPATH_SEARCH_PATHS = (
					"$(inherited)",
					"@executable_path/Frameworks",
					"@loader_path/Frameworks",
				);
				PRODUCT_BUNDLE_IDENTIFIER = com.bpicioane.HEATcheckUITests;
				PRODUCT_NAME = "$(TARGET_NAME)";
				SWIFT_VERSION = 5.0;
				TARGETED_DEVICE_FAMILY = "1,2";
				TEST_TARGET_NAME = HEATcheck;
			};
			name = Debug;
		};
		31A2ECE62576E9F800622B9F /* Release */ = {
			isa = XCBuildConfiguration;
			buildSettings = {
				ALWAYS_EMBED_SWIFT_STANDARD_LIBRARIES = YES;
				CODE_SIGN_STYLE = Automatic;
				DEVELOPMENT_TEAM = MY39RX8C69;
				INFOPLIST_FILE = HEATcheckUITests/Info.plist;
				LD_RUNPATH_SEARCH_PATHS = (
					"$(inherited)",
					"@executable_path/Frameworks",
					"@loader_path/Frameworks",
				);
				PRODUCT_BUNDLE_IDENTIFIER = com.bpicioane.HEATcheckUITests;
				PRODUCT_NAME = "$(TARGET_NAME)";
				SWIFT_VERSION = 5.0;
				TARGETED_DEVICE_FAMILY = "1,2";
				TEST_TARGET_NAME = HEATcheck;
			};
			name = Release;
		};
/* End XCBuildConfiguration section */

/* Begin XCConfigurationList section */
		31A2ECAF2576E9F500622B9F /* Build configuration list for PBXProject "HEATcheck" */ = {
			isa = XCConfigurationList;
			buildConfigurations = (
				31A2ECDC2576E9F800622B9F /* Debug */,
				31A2ECDD2576E9F800622B9F /* Release */,
			);
			defaultConfigurationIsVisible = 0;
			defaultConfigurationName = Release;
		};
		31A2ECDE2576E9F800622B9F /* Build configuration list for PBXNativeTarget "HEATcheck" */ = {
			isa = XCConfigurationList;
			buildConfigurations = (
				31A2ECDF2576E9F800622B9F /* Debug */,
				31A2ECE02576E9F800622B9F /* Release */,
			);
			defaultConfigurationIsVisible = 0;
			defaultConfigurationName = Release;
		};
		31A2ECE12576E9F800622B9F /* Build configuration list for PBXNativeTarget "HEATcheckTests" */ = {
			isa = XCConfigurationList;
			buildConfigurations = (
				31A2ECE22576E9F800622B9F /* Debug */,
				31A2ECE32576E9F800622B9F /* Release */,
			);
			defaultConfigurationIsVisible = 0;
			defaultConfigurationName = Release;
		};
		31A2ECE42576E9F800622B9F /* Build configuration list for PBXNativeTarget "HEATcheckUITests" */ = {
			isa = XCConfigurationList;
			buildConfigurations = (
				31A2ECE52576E9F800622B9F /* Debug */,
				31A2ECE62576E9F800622B9F /* Release */,
			);
			defaultConfigurationIsVisible = 0;
			defaultConfigurationName = Release;
		};
/* End XCConfigurationList section */
	};
	rootObject = 31A2ECAC2576E9F500622B9F /* Project object */;
}
